
Microsoft Visual Studio Solution File, Format Version 12.00
# Visual Studio Version 16
VisualStudioVersion = 16.0.31424.327
MinimumVisualStudioVersion = 10.0.40219.1
Project("{9A19103F-16F7-4668-BE54-9A1E7A4F7556}") = "pgcodeanalyze.test", "test\pgcodeanalyze.test.csproj", "{54D49BEC-FF30-47F8-BB5A-4F31A9E1E379}"
EndProject
Project("{FAE04EC0-301F-11D3-BF4B-00C04F79EFBC}") = "pgcodeanalyze.sandbox", "sandbox\pgcodeanalyze.sandbox.csproj", "{271A8CD9-9521-4E66-9F91-8FF46A096EF9}"
EndProject
Global
	GlobalSection(SolutionConfigurationPlatforms) = preSolution
		Debug|Any CPU = Debug|Any CPU
		Release|Any CPU = Release|Any CPU
	EndGlobalSection
	GlobalSection(ProjectConfigurationPlatforms) = postSolution
		{54D49BEC-FF30-47F8-BB5A-4F31A9E1E379}.Debug|Any CPU.ActiveCfg = Debug|Any CPU
		{54D49BEC-FF30-47F8-BB5A-4F31A9E1E379}.Debug|Any CPU.Build.0 = Debug|Any CPU
		{54D49BEC-FF30-47F8-BB5A-4F31A9E1E379}.Release|Any CPU.ActiveCfg = Release|Any CPU
		{54D49BEC-FF30-47F8-BB5A-4F31A9E1E379}.Release|Any CPU.Build.0 = Release|Any CPU
		{271A8CD9-9521-4E66-9F91-8FF46A096EF9}.Debug|Any CPU.ActiveCfg = Debug|Any CPU
		{271A8CD9-9521-4E66-9F91-8FF46A096EF9}.Debug|Any CPU.Build.0 = Debug|Any CPU
		{271A8CD9-9521-4E66-9F91-8FF46A096EF9}.Release|Any CPU.ActiveCfg = Release|Any CPU
		{271A8CD9-9521-4E66-9F91-8FF46A096EF9}.Release|Any CPU.Build.0 = Release|Any CPU
	EndGlobalSection
	GlobalSection(SolutionProperties) = preSolution
		HideSolutionNode = FALSE
	EndGlobalSection
	GlobalSection(ExtensibilityGlobals) = postSolution
		SolutionGuid = {A0FD670D-62EF-4C22-9FA0-D898611309DA}
	EndGlobalSection
EndGlobal
